
Microsoft Visual Studio Solution File, Format Version 12.00
# Visual Studio Version 16
VisualStudioVersion = 16.0.30804.86
MinimumVisualStudioVersion = 10.0.40219.1
Project("{FAE04EC0-301F-11D3-BF4B-00C04F79EFBC}") = "Editor", "Editor\Editor.csproj", "{886AF4D5-907D-41C3-A893-94CEAAC9DF94}"
EndProject
Project("{FAE04EC0-301F-11D3-BF4B-00C04F79EFBC}") = "API", "API\API.csproj", "{4FBA7CE5-602B-4329-8807-3CEB44B9EC17}"
EndProject
Project("{FAE04EC0-301F-11D3-BF4B-00C04F79EFBC}") = "Model", "Model\Model.csproj", "{454C026E-E4C9-4062-8228-F43EC83ADBD1}"
EndProject
Project("{2150E333-8FDC-42A3-9474-1A3956D46DE8}") = "UI", "UI", "{82BA9F0B-CBF3-4220-990C-7CF665F7AB29}"
EndProject
Project("{FAE04EC0-301F-11D3-BF4B-00C04F79EFBC}") = "Process", "Process\Process.csproj", "{69CCD921-43E3-4B07-8510-1660B21D9774}"
EndProject
Project("{FAE04EC0-301F-11D3-BF4B-00C04F79EFBC}") = "Project", "UI\Project\Project.csproj", "{7E8EBD62-EA6C-403E-9B52-B9538273224A}"
EndProject
Project("{FAE04EC0-301F-11D3-BF4B-00C04F79EFBC}") = "Common", "UI\Common\Common.csproj", "{02AEFA8A-72F0-4D1F-B055-4C9E9563A2AB}"
EndProject
Project("{FAE04EC0-301F-11D3-BF4B-00C04F79EFBC}") = "Document", "UI\Document\Document.csproj", "{DF2E0071-E09F-4C01-A1F2-152B1A903A72}"
EndProject
Project("{FAE04EC0-301F-11D3-BF4B-00C04F79EFBC}") = "Morph", "UI\Morph\Morph.csproj", "{E3850395-8AFD-498E-8603-6180BBFBFA6B}"
EndProject
Project("{FAE04EC0-301F-11D3-BF4B-00C04F79EFBC}") = "Auth", "UI\Auth\Auth.csproj", "{526B522A-D347-4B63-95CC-E15F886C17E3}"
EndProject
Project("{FAE04EC0-301F-11D3-BF4B-00C04F79EFBC}") = "Report", "UI\Report\Report.csproj", "{37406742-1AA2-4438-88BD-F5210C7D0DE4}"
EndProject
Global
	GlobalSection(SolutionConfigurationPlatforms) = preSolution
		Debug|Any CPU = Debug|Any CPU
		Debug|x64 = Debug|x64
		Release|Any CPU = Release|Any CPU
		Release|x64 = Release|x64
	EndGlobalSection
	GlobalSection(ProjectConfigurationPlatforms) = postSolution
		{886AF4D5-907D-41C3-A893-94CEAAC9DF94}.Debug|Any CPU.ActiveCfg = Debug|Any CPU
		{886AF4D5-907D-41C3-A893-94CEAAC9DF94}.Debug|Any CPU.Build.0 = Debug|Any CPU
		{886AF4D5-907D-41C3-A893-94CEAAC9DF94}.Debug|x64.ActiveCfg = Debug|x64
		{886AF4D5-907D-41C3-A893-94CEAAC9DF94}.Debug|x64.Build.0 = Debug|x64
		{886AF4D5-907D-41C3-A893-94CEAAC9DF94}.Release|Any CPU.ActiveCfg = Release|Any CPU
		{886AF4D5-907D-41C3-A893-94CEAAC9DF94}.Release|Any CPU.Build.0 = Release|Any CPU
		{886AF4D5-907D-41C3-A893-94CEAAC9DF94}.Release|x64.ActiveCfg = Release|x64
		{886AF4D5-907D-41C3-A893-94CEAAC9DF94}.Release|x64.Build.0 = Release|x64
		{4FBA7CE5-602B-4329-8807-3CEB44B9EC17}.Debug|Any CPU.ActiveCfg = Debug|Any CPU
		{4FBA7CE5-602B-4329-8807-3CEB44B9EC17}.Debug|Any CPU.Build.0 = Debug|Any CPU
		{4FBA7CE5-602B-4329-8807-3CEB44B9EC17}.Debug|x64.ActiveCfg = Debug|x64
		{4FBA7CE5-602B-4329-8807-3CEB44B9EC17}.Debug|x64.Build.0 = Debug|x64
		{4FBA7CE5-602B-4329-8807-3CEB44B9EC17}.Release|Any CPU.ActiveCfg = Release|Any CPU
		{4FBA7CE5-602B-4329-8807-3CEB44B9EC17}.Release|Any CPU.Build.0 = Release|Any CPU
		{4FBA7CE5-602B-4329-8807-3CEB44B9EC17}.Release|x64.ActiveCfg = Release|x64
		{4FBA7CE5-602B-4329-8807-3CEB44B9EC17}.Release|x64.Build.0 = Release|x64
		{454C026E-E4C9-4062-8228-F43EC83ADBD1}.Debug|Any CPU.ActiveCfg = Debug|Any CPU
		{454C026E-E4C9-4062-8228-F43EC83ADBD1}.Debug|Any CPU.Build.0 = Debug|Any CPU
		{454C026E-E4C9-4062-8228-F43EC83ADBD1}.Debug|x64.ActiveCfg = Debug|x64
		{454C026E-E4C9-4062-8228-F43EC83ADBD1}.Debug|x64.Build.0 = Debug|x64
		{454C026E-E4C9-4062-8228-F43EC83ADBD1}.Release|Any CPU.ActiveCfg = Release|Any CPU
		{454C026E-E4C9-4062-8228-F43EC83ADBD1}.Release|Any CPU.Build.0 = Release|Any CPU
		{454C026E-E4C9-4062-8228-F43EC83ADBD1}.Release|x64.ActiveCfg = Release|x64
		{454C026E-E4C9-4062-8228-F43EC83ADBD1}.Release|x64.Build.0 = Release|x64
		{69CCD921-43E3-4B07-8510-1660B21D9774}.Debug|Any CPU.ActiveCfg = Debug|Any CPU
		{69CCD921-43E3-4B07-8510-1660B21D9774}.Debug|Any CPU.Build.0 = Debug|Any CPU
		{69CCD921-43E3-4B07-8510-1660B21D9774}.Debug|x64.ActiveCfg = Debug|x64
		{69CCD921-43E3-4B07-8510-1660B21D9774}.Debug|x64.Build.0 = Debug|x64
		{69CCD921-43E3-4B07-8510-1660B21D9774}.Release|Any CPU.ActiveCfg = Release|Any CPU
		{69CCD921-43E3-4B07-8510-1660B21D9774}.Release|Any CPU.Build.0 = Release|Any CPU
		{69CCD921-43E3-4B07-8510-1660B21D9774}.Release|x64.ActiveCfg = Release|x64
		{69CCD921-43E3-4B07-8510-1660B21D9774}.Release|x64.Build.0 = Release|x64
		{7E8EBD62-EA6C-403E-9B52-B9538273224A}.Debug|Any CPU.ActiveCfg = Debug|Any CPU
		{7E8EBD62-EA6C-403E-9B52-B9538273224A}.Debug|Any CPU.Build.0 = Debug|Any CPU
		{7E8EBD62-EA6C-403E-9B52-B9538273224A}.Debug|x64.ActiveCfg = Debug|x64
		{7E8EBD62-EA6C-403E-9B52-B9538273224A}.Debug|x64.Build.0 = Debug|x64
		{7E8EBD62-EA6C-403E-9B52-B9538273224A}.Release|Any CPU.ActiveCfg = Release|Any CPU
		{7E8EBD62-EA6C-403E-9B52-B9538273224A}.Release|Any CPU.Build.0 = Release|Any CPU
		{7E8EBD62-EA6C-403E-9B52-B9538273224A}.Release|x64.ActiveCfg = Release|x64
		{7E8EBD62-EA6C-403E-9B52-B9538273224A}.Release|x64.Build.0 = Release|x64
		{02AEFA8A-72F0-4D1F-B055-4C9E9563A2AB}.Debug|Any CPU.ActiveCfg = Debug|Any CPU
		{02AEFA8A-72F0-4D1F-B055-4C9E9563A2AB}.Debug|Any CPU.Build.0 = Debug|Any CPU
		{02AEFA8A-72F0-4D1F-B055-4C9E9563A2AB}.Debug|x64.ActiveCfg = Debug|x64
		{02AEFA8A-72F0-4D1F-B055-4C9E9563A2AB}.Debug|x64.Build.0 = Debug|x64
		{02AEFA8A-72F0-4D1F-B055-4C9E9563A2AB}.Release|Any CPU.ActiveCfg = Release|Any CPU
		{02AEFA8A-72F0-4D1F-B055-4C9E9563A2AB}.Release|Any CPU.Build.0 = Release|Any CPU
		{02AEFA8A-72F0-4D1F-B055-4C9E9563A2AB}.Release|x64.ActiveCfg = Release|x64
		{02AEFA8A-72F0-4D1F-B055-4C9E9563A2AB}.Release|x64.Build.0 = Release|x64
		{DF2E0071-E09F-4C01-A1F2-152B1A903A72}.Debug|Any CPU.ActiveCfg = Debug|Any CPU
		{DF2E0071-E09F-4C01-A1F2-152B1A903A72}.Debug|Any CPU.Build.0 = Debug|Any CPU
		{DF2E0071-E09F-4C01-A1F2-152B1A903A72}.Debug|x64.ActiveCfg = Debug|x64
		{DF2E0071-E09F-4C01-A1F2-152B1A903A72}.Debug|x64.Build.0 = Debug|x64
		{DF2E0071-E09F-4C01-A1F2-152B1A903A72}.Release|Any CPU.ActiveCfg = Release|Any CPU
		{DF2E0071-E09F-4C01-A1F2-152B1A903A72}.Release|Any CPU.Build.0 = Release|Any CPU
		{DF2E0071-E09F-4C01-A1F2-152B1A903A72}.Release|x64.ActiveCfg = Release|x64
		{DF2E0071-E09F-4C01-A1F2-152B1A903A72}.Release|x64.Build.0 = Release|x64
		{E3850395-8AFD-498E-8603-6180BBFBFA6B}.Debug|Any CPU.ActiveCfg = Debug|Any CPU
		{E3850395-8AFD-498E-8603-6180BBFBFA6B}.Debug|Any CPU.Build.0 = Debug|Any CPU
		{E3850395-8AFD-498E-8603-6180BBFBFA6B}.Debug|x64.ActiveCfg = Debug|x64
		{E3850395-8AFD-498E-8603-6180BBFBFA6B}.Debug|x64.Build.0 = Debug|x64
		{E3850395-8AFD-498E-8603-6180BBFBFA6B}.Release|Any CPU.ActiveCfg = Release|Any CPU
		{E3850395-8AFD-498E-8603-6180BBFBFA6B}.Release|Any CPU.Build.0 = Release|Any CPU
		{E3850395-8AFD-498E-8603-6180BBFBFA6B}.Release|x64.ActiveCfg = Release|x64
		{E3850395-8AFD-498E-8603-6180BBFBFA6B}.Release|x64.Build.0 = Release|x64
		{526B522A-D347-4B63-95CC-E15F886C17E3}.Debug|Any CPU.ActiveCfg = Debug|Any CPU
		{526B522A-D347-4B63-95CC-E15F886C17E3}.Debug|Any CPU.Build.0 = Debug|Any CPU
		{526B522A-D347-4B63-95CC-E15F886C17E3}.Debug|x64.ActiveCfg = Debug|x64
		{526B522A-D347-4B63-95CC-E15F886C17E3}.Debug|x64.Build.0 = Debug|x64
		{526B522A-D347-4B63-95CC-E15F886C17E3}.Release|Any CPU.ActiveCfg = Release|Any CPU
		{526B522A-D347-4B63-95CC-E15F886C17E3}.Release|Any CPU.Build.0 = Release|Any CPU
		{526B522A-D347-4B63-95CC-E15F886C17E3}.Release|x64.ActiveCfg = Release|x64
		{526B522A-D347-4B63-95CC-E15F886C17E3}.Release|x64.Build.0 = Release|x64
		{37406742-1AA2-4438-88BD-F5210C7D0DE4}.Debug|Any CPU.ActiveCfg = Debug|Any CPU
		{37406742-1AA2-4438-88BD-F5210C7D0DE4}.Debug|Any CPU.Build.0 = Debug|Any CPU
		{37406742-1AA2-4438-88BD-F5210C7D0DE4}.Debug|x64.ActiveCfg = Debug|x64
		{37406742-1AA2-4438-88BD-F5210C7D0DE4}.Debug|x64.Build.0 = Debug|x64
		{37406742-1AA2-4438-88BD-F5210C7D0DE4}.Release|Any CPU.ActiveCfg = Release|Any CPU
		{37406742-1AA2-4438-88BD-F5210C7D0DE4}.Release|Any CPU.Build.0 = Release|Any CPU
		{37406742-1AA2-4438-88BD-F5210C7D0DE4}.Release|x64.ActiveCfg = Release|x64
		{37406742-1AA2-4438-88BD-F5210C7D0DE4}.Release|x64.Build.0 = Release|x64
	EndGlobalSection
	GlobalSection(SolutionProperties) = preSolution
		HideSolutionNode = FALSE
	EndGlobalSection
	GlobalSection(NestedProjects) = preSolution
		{7E8EBD62-EA6C-403E-9B52-B9538273224A} = {82BA9F0B-CBF3-4220-990C-7CF665F7AB29}
		{02AEFA8A-72F0-4D1F-B055-4C9E9563A2AB} = {82BA9F0B-CBF3-4220-990C-7CF665F7AB29}
		{DF2E0071-E09F-4C01-A1F2-152B1A903A72} = {82BA9F0B-CBF3-4220-990C-7CF665F7AB29}
		{E3850395-8AFD-498E-8603-6180BBFBFA6B} = {82BA9F0B-CBF3-4220-990C-7CF665F7AB29}
		{526B522A-D347-4B63-95CC-E15F886C17E3} = {82BA9F0B-CBF3-4220-990C-7CF665F7AB29}
		{37406742-1AA2-4438-88BD-F5210C7D0DE4} = {82BA9F0B-CBF3-4220-990C-7CF665F7AB29}
	EndGlobalSection
	GlobalSection(ExtensibilityGlobals) = postSolution
		SolutionGuid = {33955D5B-1EE1-4F3B-BA40-D498449724E6}
	EndGlobalSection
EndGlobal
